// !$*UTF8*$!
{
	archiveVersion = 1;
	classes = {
	};
	objectVersion = 56;
	objects = {

/* Begin PBXBuildFile section */
		1E0602F529B92261007BDE6D /* MainViewController.swift in Sources */ = {isa = PBXBuildFile; fileRef = 1E0602F429B92261007BDE6D /* MainViewController.swift */; };
		1E0602F729B93F4F007BDE6D /* FeedImageViewCell.swift in Sources */ = {isa = PBXBuildFile; fileRef = 1E0602F629B93F4F007BDE6D /* FeedImageViewCell.swift */; };
		1E0602FC29B95064007BDE6D /* BaseCollectionViewCell.swift in Sources */ = {isa = PBXBuildFile; fileRef = 1E0602FB29B95064007BDE6D /* BaseCollectionViewCell.swift */; };
		1E06030229B9CC38007BDE6D /* MainViewModel.swift in Sources */ = {isa = PBXBuildFile; fileRef = 1E06030129B9CC38007BDE6D /* MainViewModel.swift */; };
		1E06030429B9CF7C007BDE6D /* ViewModelType.swift in Sources */ = {isa = PBXBuildFile; fileRef = 1E06030329B9CF7C007BDE6D /* ViewModelType.swift */; };
		1E06030729B9E04C007BDE6D /* RxCocoa in Frameworks */ = {isa = PBXBuildFile; productRef = 1E06030629B9E04C007BDE6D /* RxCocoa */; };
		1E06030929B9E04C007BDE6D /* RxRelay in Frameworks */ = {isa = PBXBuildFile; productRef = 1E06030829B9E04C007BDE6D /* RxRelay */; };
		1E06030B29B9E04C007BDE6D /* RxSwift in Frameworks */ = {isa = PBXBuildFile; productRef = 1E06030A29B9E04C007BDE6D /* RxSwift */; };
		1E12937F29B796D1005E9307 /* AppDelegate.swift in Sources */ = {isa = PBXBuildFile; fileRef = 1E12937E29B796D1005E9307 /* AppDelegate.swift */; };
		1E12938129B796D1005E9307 /* SceneDelegate.swift in Sources */ = {isa = PBXBuildFile; fileRef = 1E12938029B796D1005E9307 /* SceneDelegate.swift */; };
		1E12938329B796D1005E9307 /* ViewController.swift in Sources */ = {isa = PBXBuildFile; fileRef = 1E12938229B796D1005E9307 /* ViewController.swift */; };
		1E12938629B796D1005E9307 /* Main.storyboard in Resources */ = {isa = PBXBuildFile; fileRef = 1E12938429B796D1005E9307 /* Main.storyboard */; };
		1E12938829B796D3005E9307 /* Assets.xcassets in Resources */ = {isa = PBXBuildFile; fileRef = 1E12938729B796D3005E9307 /* Assets.xcassets */; };
		1E12938B29B796D3005E9307 /* LaunchScreen.storyboard in Resources */ = {isa = PBXBuildFile; fileRef = 1E12938929B796D3005E9307 /* LaunchScreen.storyboard */; };
		1ED0D50429B79D9600092ABD /* .swiftlint.yml in Resources */ = {isa = PBXBuildFile; fileRef = 1ED0D50329B79D9600092ABD /* .swiftlint.yml */; };
		1EE298AC29B859F6000EC26C /* .gitignore in Resources */ = {isa = PBXBuildFile; fileRef = 1EE298AB29B859F6000EC26C /* .gitignore */; };
		1EE298BE29B87086000EC26C /* Content.swift in Sources */ = {isa = PBXBuildFile; fileRef = 1EE298BD29B87086000EC26C /* Content.swift */; };
		1EE298C229B8755D000EC26C /* Influencer.swift in Sources */ = {isa = PBXBuildFile; fileRef = 1EE298C129B8755D000EC26C /* Influencer.swift */; };
		1EE298C429B8760F000EC26C /* Post.swift in Sources */ = {isa = PBXBuildFile; fileRef = 1EE298C329B8760F000EC26C /* Post.swift */; };
		1EE298C629B87CE8000EC26C /* NetworkError.swift in Sources */ = {isa = PBXBuildFile; fileRef = 1EE298C529B87CE8000EC26C /* NetworkError.swift */; };
		1EE298C929B8838A000EC26C /* URLPath.swift in Sources */ = {isa = PBXBuildFile; fileRef = 1EE298C829B8838A000EC26C /* URLPath.swift */; };
		1EE298CC29B8C4CF000EC26C /* FeedAPIService.swift in Sources */ = {isa = PBXBuildFile; fileRef = 1EE298CB29B8C4CF000EC26C /* FeedAPIService.swift */; };
		1EE298CF29B8C4F3000EC26C /* Alamofire in Frameworks */ = {isa = PBXBuildFile; productRef = 1EE298CE29B8C4F3000EC26C /* Alamofire */; };
		1EE298D629B8E737000EC26C /* FeedResponseDTO.swift in Sources */ = {isa = PBXBuildFile; fileRef = 1EE298D529B8E737000EC26C /* FeedResponseDTO.swift */; };
		1EE298DC29B8F56F000EC26C /* BaseViewController.swift in Sources */ = {isa = PBXBuildFile; fileRef = 1EE298DB29B8F56F000EC26C /* BaseViewController.swift */; };
		1EE298DF29B8F58D000EC26C /* SnapKit in Frameworks */ = {isa = PBXBuildFile; productRef = 1EE298DE29B8F58D000EC26C /* SnapKit */; };
		1EE298E229B8F599000EC26C /* Then in Frameworks */ = {isa = PBXBuildFile; productRef = 1EE298E129B8F599000EC26C /* Then */; };
		1EE298E729B8F65F000EC26C /* BaseView.swift in Sources */ = {isa = PBXBuildFile; fileRef = 1EE298E629B8F65F000EC26C /* BaseView.swift */; };
		1EE298E929B8F685000EC26C /* FeedVideoViewCell.swift in Sources */ = {isa = PBXBuildFile; fileRef = 1EE298E829B8F685000EC26C /* FeedVideoViewCell.swift */; };
/* End PBXBuildFile section */

/* Begin PBXFileReference section */
		1E0602F429B92261007BDE6D /* MainViewController.swift */ = {isa = PBXFileReference; lastKnownFileType = sourcecode.swift; path = MainViewController.swift; sourceTree = "<group>"; };
		1E0602F629B93F4F007BDE6D /* FeedImageViewCell.swift */ = {isa = PBXFileReference; lastKnownFileType = sourcecode.swift; path = FeedImageViewCell.swift; sourceTree = "<group>"; };
		1E0602FB29B95064007BDE6D /* BaseCollectionViewCell.swift */ = {isa = PBXFileReference; lastKnownFileType = sourcecode.swift; path = BaseCollectionViewCell.swift; sourceTree = "<group>"; };
		1E06030129B9CC38007BDE6D /* MainViewModel.swift */ = {isa = PBXFileReference; lastKnownFileType = sourcecode.swift; path = MainViewModel.swift; sourceTree = "<group>"; };
		1E06030329B9CF7C007BDE6D /* ViewModelType.swift */ = {isa = PBXFileReference; lastKnownFileType = sourcecode.swift; path = ViewModelType.swift; sourceTree = "<group>"; };
		1E12937B29B796D1005E9307 /* SocialMediaFeed_Project.app */ = {isa = PBXFileReference; explicitFileType = wrapper.application; includeInIndex = 0; path = SocialMediaFeed_Project.app; sourceTree = BUILT_PRODUCTS_DIR; };
		1E12937E29B796D1005E9307 /* AppDelegate.swift */ = {isa = PBXFileReference; lastKnownFileType = sourcecode.swift; path = AppDelegate.swift; sourceTree = "<group>"; };
		1E12938029B796D1005E9307 /* SceneDelegate.swift */ = {isa = PBXFileReference; lastKnownFileType = sourcecode.swift; path = SceneDelegate.swift; sourceTree = "<group>"; };
		1E12938229B796D1005E9307 /* ViewController.swift */ = {isa = PBXFileReference; lastKnownFileType = sourcecode.swift; path = ViewController.swift; sourceTree = "<group>"; };
		1E12938529B796D1005E9307 /* Base */ = {isa = PBXFileReference; lastKnownFileType = file.storyboard; name = Base; path = Base.lproj/Main.storyboard; sourceTree = "<group>"; };
		1E12938729B796D3005E9307 /* Assets.xcassets */ = {isa = PBXFileReference; lastKnownFileType = folder.assetcatalog; path = Assets.xcassets; sourceTree = "<group>"; };
		1E12938A29B796D3005E9307 /* Base */ = {isa = PBXFileReference; lastKnownFileType = file.storyboard; name = Base; path = Base.lproj/LaunchScreen.storyboard; sourceTree = "<group>"; };
		1E12938C29B796D3005E9307 /* Info.plist */ = {isa = PBXFileReference; lastKnownFileType = text.plist.xml; path = Info.plist; sourceTree = "<group>"; };
		1ED0D50329B79D9600092ABD /* .swiftlint.yml */ = {isa = PBXFileReference; lastKnownFileType = text.yaml; path = .swiftlint.yml; sourceTree = "<group>"; };
		1EE298AB29B859F6000EC26C /* .gitignore */ = {isa = PBXFileReference; lastKnownFileType = text; path = .gitignore; sourceTree = "<group>"; };
		1EE298BD29B87086000EC26C /* Content.swift */ = {isa = PBXFileReference; lastKnownFileType = sourcecode.swift; path = Content.swift; sourceTree = "<group>"; };
		1EE298C129B8755D000EC26C /* Influencer.swift */ = {isa = PBXFileReference; lastKnownFileType = sourcecode.swift; path = Influencer.swift; sourceTree = "<group>"; };
		1EE298C329B8760F000EC26C /* Post.swift */ = {isa = PBXFileReference; lastKnownFileType = sourcecode.swift; path = Post.swift; sourceTree = "<group>"; };
		1EE298C529B87CE8000EC26C /* NetworkError.swift */ = {isa = PBXFileReference; lastKnownFileType = sourcecode.swift; path = NetworkError.swift; sourceTree = "<group>"; };
		1EE298C829B8838A000EC26C /* URLPath.swift */ = {isa = PBXFileReference; lastKnownFileType = sourcecode.swift; path = URLPath.swift; sourceTree = "<group>"; };
		1EE298CB29B8C4CF000EC26C /* FeedAPIService.swift */ = {isa = PBXFileReference; lastKnownFileType = sourcecode.swift; path = FeedAPIService.swift; sourceTree = "<group>"; };
		1EE298D529B8E737000EC26C /* FeedResponseDTO.swift */ = {isa = PBXFileReference; lastKnownFileType = sourcecode.swift; path = FeedResponseDTO.swift; sourceTree = "<group>"; };
		1EE298DB29B8F56F000EC26C /* BaseViewController.swift */ = {isa = PBXFileReference; lastKnownFileType = sourcecode.swift; path = BaseViewController.swift; sourceTree = "<group>"; };
		1EE298E629B8F65F000EC26C /* BaseView.swift */ = {isa = PBXFileReference; lastKnownFileType = sourcecode.swift; path = BaseView.swift; sourceTree = "<group>"; };
		1EE298E829B8F685000EC26C /* FeedVideoViewCell.swift */ = {isa = PBXFileReference; lastKnownFileType = sourcecode.swift; path = FeedVideoViewCell.swift; sourceTree = "<group>"; };
/* End PBXFileReference section */

/* Begin PBXFrameworksBuildPhase section */
		1E12937829B796D1005E9307 /* Frameworks */ = {
			isa = PBXFrameworksBuildPhase;
			buildActionMask = 2147483647;
			files = (
				1E06030B29B9E04C007BDE6D /* RxSwift in Frameworks */,
				1E06030929B9E04C007BDE6D /* RxRelay in Frameworks */,
				1EE298CF29B8C4F3000EC26C /* Alamofire in Frameworks */,
				1EE298E229B8F599000EC26C /* Then in Frameworks */,
				1E06030729B9E04C007BDE6D /* RxCocoa in Frameworks */,
				1EE298DF29B8F58D000EC26C /* SnapKit in Frameworks */,
			);
			runOnlyForDeploymentPostprocessing = 0;
		};
/* End PBXFrameworksBuildPhase section */

/* Begin PBXGroup section */
		1E0602F329B92250007BDE6D /* Main */ = {
			isa = PBXGroup;
			children = (
				1E06030029B9C9FB007BDE6D /* ViewModel */,
				1E0602FD29B9C9E3007BDE6D /* View */,
				1E0602F429B92261007BDE6D /* MainViewController.swift */,
			);
			path = Main;
			sourceTree = "<group>";
		};
		1E0602FD29B9C9E3007BDE6D /* View */ = {
			isa = PBXGroup;
			children = (
			);
			path = View;
			sourceTree = "<group>";
		};
		1E06030029B9C9FB007BDE6D /* ViewModel */ = {
			isa = PBXGroup;
			children = (
				1E06030129B9CC38007BDE6D /* MainViewModel.swift */,
			);
			path = ViewModel;
			sourceTree = "<group>";
		};
		1E12937229B796D1005E9307 = {
			isa = PBXGroup;
			children = (
				1ED0D50329B79D9600092ABD /* .swiftlint.yml */,
				1EE298AB29B859F6000EC26C /* .gitignore */,
				1E12937D29B796D1005E9307 /* SocialMediaFeed_Project */,
				1E12937C29B796D1005E9307 /* Products */,
			);
			sourceTree = "<group>";
		};
		1E12937C29B796D1005E9307 /* Products */ = {
			isa = PBXGroup;
			children = (
				1E12937B29B796D1005E9307 /* SocialMediaFeed_Project.app */,
			);
			name = Products;
			sourceTree = "<group>";
		};
		1E12937D29B796D1005E9307 /* SocialMediaFeed_Project */ = {
			isa = PBXGroup;
			children = (
				1EE298B929B86789000EC26C /* Network */,
				1EE298B029B860F2000EC26C /* Utils */,
				1EE298AF29B860E1000EC26C /* Presentation */,
				1EE298AE29B860DA000EC26C /* Data */,
				1EE298AD29B85A9B000EC26C /* Application */,
				1E12938229B796D1005E9307 /* ViewController.swift */,
				1E12938429B796D1005E9307 /* Main.storyboard */,
				1E12938729B796D3005E9307 /* Assets.xcassets */,
				1E12938929B796D3005E9307 /* LaunchScreen.storyboard */,
				1E12938C29B796D3005E9307 /* Info.plist */,
			);
			path = SocialMediaFeed_Project;
			sourceTree = "<group>";
		};
		1EE298AD29B85A9B000EC26C /* Application */ = {
			isa = PBXGroup;
			children = (
				1E12937E29B796D1005E9307 /* AppDelegate.swift */,
				1E12938029B796D1005E9307 /* SceneDelegate.swift */,
			);
			path = Application;
			sourceTree = "<group>";
		};
		1EE298AE29B860DA000EC26C /* Data */ = {
			isa = PBXGroup;
			children = (
				1EE298D329B8E68C000EC26C /* DataMapping */,
				1EE298D229B8E633000EC26C /* Entities */,
			);
			path = Data;
			sourceTree = "<group>";
		};
		1EE298AF29B860E1000EC26C /* Presentation */ = {
			isa = PBXGroup;
			children = (
				1E0602F329B92250007BDE6D /* Main */,
				1EE298DA29B8F541000EC26C /* CustomView */,
			);
			path = Presentation;
			sourceTree = "<group>";
		};
		1EE298B029B860F2000EC26C /* Utils */ = {
			isa = PBXGroup;
			children = (
				1E06030329B9CF7C007BDE6D /* ViewModelType.swift */,
			);
			path = Utils;
			sourceTree = "<group>";
		};
		1EE298B929B86789000EC26C /* Network */ = {
			isa = PBXGroup;
			children = (
				1EE298CA29B8C0B8000EC26C /* Service */,
				1EE298C729B88022000EC26C /* URLPath */,
				1EE298BA29B86A5E000EC26C /* Error */,
			);
			path = Network;
			sourceTree = "<group>";
		};
		1EE298BA29B86A5E000EC26C /* Error */ = {
			isa = PBXGroup;
			children = (
				1EE298C529B87CE8000EC26C /* NetworkError.swift */,
			);
			path = Error;
			sourceTree = "<group>";
		};
		1EE298C729B88022000EC26C /* URLPath */ = {
			isa = PBXGroup;
			children = (
				1EE298C829B8838A000EC26C /* URLPath.swift */,
			);
			path = URLPath;
			sourceTree = "<group>";
		};
		1EE298CA29B8C0B8000EC26C /* Service */ = {
			isa = PBXGroup;
			children = (
				1EE298CB29B8C4CF000EC26C /* FeedAPIService.swift */,
			);
			path = Service;
			sourceTree = "<group>";
		};
		1EE298D229B8E633000EC26C /* Entities */ = {
			isa = PBXGroup;
			children = (
				1EE298BD29B87086000EC26C /* Content.swift */,
				1EE298C129B8755D000EC26C /* Influencer.swift */,
				1EE298C329B8760F000EC26C /* Post.swift */,
			);
			path = Entities;
			sourceTree = "<group>";
		};
		1EE298D329B8E68C000EC26C /* DataMapping */ = {
			isa = PBXGroup;
			children = (
				1EE298D529B8E737000EC26C /* FeedResponseDTO.swift */,
			);
			path = DataMapping;
			sourceTree = "<group>";
		};
		1EE298DA29B8F541000EC26C /* CustomView */ = {
			isa = PBXGroup;
			children = (
				1EE298DB29B8F56F000EC26C /* BaseViewController.swift */,
				1EE298E629B8F65F000EC26C /* BaseView.swift */,
				1E0602FB29B95064007BDE6D /* BaseCollectionViewCell.swift */,
				1EE298E829B8F685000EC26C /* FeedVideoViewCell.swift */,
				1E0602F629B93F4F007BDE6D /* FeedImageViewCell.swift */,
			);
			path = CustomView;
			sourceTree = "<group>";
		};
/* End PBXGroup section */

/* Begin PBXNativeTarget section */
		1E12937A29B796D1005E9307 /* SocialMediaFeed_Project */ = {
			isa = PBXNativeTarget;
			buildConfigurationList = 1E12938F29B796D3005E9307 /* Build configuration list for PBXNativeTarget "SocialMediaFeed_Project" */;
			buildPhases = (
				1E12937729B796D1005E9307 /* Sources */,
				1E12937829B796D1005E9307 /* Frameworks */,
				1E12937929B796D1005E9307 /* Resources */,
				1ED0D50529B79EDE00092ABD /* SwiftLint Script */,
			);
			buildRules = (
			);
			dependencies = (
			);
			name = SocialMediaFeed_Project;
			packageProductDependencies = (
				1EE298CE29B8C4F3000EC26C /* Alamofire */,
				1EE298DE29B8F58D000EC26C /* SnapKit */,
				1EE298E129B8F599000EC26C /* Then */,
				1E06030629B9E04C007BDE6D /* RxCocoa */,
				1E06030829B9E04C007BDE6D /* RxRelay */,
				1E06030A29B9E04C007BDE6D /* RxSwift */,
			);
			productName = SocialMediaFeed_Project;
			productReference = 1E12937B29B796D1005E9307 /* SocialMediaFeed_Project.app */;
			productType = "com.apple.product-type.application";
		};
/* End PBXNativeTarget section */

/* Begin PBXProject section */
		1E12937329B796D1005E9307 /* Project object */ = {
			isa = PBXProject;
			attributes = {
				BuildIndependentTargetsInParallel = 1;
				LastSwiftUpdateCheck = 1420;
				LastUpgradeCheck = 1420;
				TargetAttributes = {
					1E12937A29B796D1005E9307 = {
						CreatedOnToolsVersion = 14.2;
					};
				};
			};
			buildConfigurationList = 1E12937629B796D1005E9307 /* Build configuration list for PBXProject "SocialMediaFeed_Project" */;
			compatibilityVersion = "Xcode 14.0";
			developmentRegion = en;
			hasScannedForEncodings = 0;
			knownRegions = (
				en,
				Base,
			);
			mainGroup = 1E12937229B796D1005E9307;
			packageReferences = (
				1EE298CD29B8C4F3000EC26C /* XCRemoteSwiftPackageReference "Alamofire" */,
				1EE298DD29B8F58D000EC26C /* XCRemoteSwiftPackageReference "SnapKit" */,
				1EE298E029B8F599000EC26C /* XCRemoteSwiftPackageReference "Then" */,
				1EE298E329B8F5A7000EC26C /* XCRemoteSwiftPackageReference "Kingfisher" */,
				1E06030529B9E04C007BDE6D /* XCRemoteSwiftPackageReference "RxSwift" */,
			);
			productRefGroup = 1E12937C29B796D1005E9307 /* Products */;
			projectDirPath = "";
			projectRoot = "";
			targets = (
				1E12937A29B796D1005E9307 /* SocialMediaFeed_Project */,
			);
		};
/* End PBXProject section */

/* Begin PBXResourcesBuildPhase section */
		1E12937929B796D1005E9307 /* Resources */ = {
			isa = PBXResourcesBuildPhase;
			buildActionMask = 2147483647;
			files = (
				1EE298AC29B859F6000EC26C /* .gitignore in Resources */,
				1ED0D50429B79D9600092ABD /* .swiftlint.yml in Resources */,
				1E12938B29B796D3005E9307 /* LaunchScreen.storyboard in Resources */,
				1E12938829B796D3005E9307 /* Assets.xcassets in Resources */,
				1E12938629B796D1005E9307 /* Main.storyboard in Resources */,
			);
			runOnlyForDeploymentPostprocessing = 0;
		};
/* End PBXResourcesBuildPhase section */

/* Begin PBXShellScriptBuildPhase section */
		1ED0D50529B79EDE00092ABD /* SwiftLint Script */ = {
			isa = PBXShellScriptBuildPhase;
			buildActionMask = 2147483647;
			files = (
			);
			inputFileListPaths = (
			);
			inputPaths = (
			);
			name = "SwiftLint Script";
			outputFileListPaths = (
			);
			outputPaths = (
			);
			runOnlyForDeploymentPostprocessing = 0;
			shellPath = /bin/sh;
			shellScript = "if test -d \"/opt/homebrew/bin/\"; then\n  PATH=\"/opt/homebrew/bin/:${PATH}\"\nfi\n\nexport PATH\n\nif which swiftlint >/dev/null; then\n  swiftlint\nelse\n  echo \"warning: SwiftLint not installed, download from https://github.com/realm/SwiftLint\"\nfi\n";
		};
/* End PBXShellScriptBuildPhase section */

/* Begin PBXSourcesBuildPhase section */
		1E12937729B796D1005E9307 /* Sources */ = {
			isa = PBXSourcesBuildPhase;
			buildActionMask = 2147483647;
			files = (
				1EE298C929B8838A000EC26C /* URLPath.swift in Sources */,
				1E12938329B796D1005E9307 /* ViewController.swift in Sources */,
				1E0602F729B93F4F007BDE6D /* FeedImageViewCell.swift in Sources */,
				1EE298DC29B8F56F000EC26C /* BaseViewController.swift in Sources */,
				1EE298E729B8F65F000EC26C /* BaseView.swift in Sources */,
				1EE298C629B87CE8000EC26C /* NetworkError.swift in Sources */,
				1EE298E929B8F685000EC26C /* FeedVideoViewCell.swift in Sources */,
				1EE298C229B8755D000EC26C /* Influencer.swift in Sources */,
				1E06030429B9CF7C007BDE6D /* ViewModelType.swift in Sources */,
				1E06030229B9CC38007BDE6D /* MainViewModel.swift in Sources */,
				1E0602F529B92261007BDE6D /* MainViewController.swift in Sources */,
				1E0602FC29B95064007BDE6D /* BaseCollectionViewCell.swift in Sources */,
				1E12937F29B796D1005E9307 /* AppDelegate.swift in Sources */,
				1EE298C429B8760F000EC26C /* Post.swift in Sources */,
				1EE298D629B8E737000EC26C /* FeedResponseDTO.swift in Sources */,
				1E12938129B796D1005E9307 /* SceneDelegate.swift in Sources */,
				1EE298BE29B87086000EC26C /* Content.swift in Sources */,
				1EE298CC29B8C4CF000EC26C /* FeedAPIService.swift in Sources */,
			);
			runOnlyForDeploymentPostprocessing = 0;
		};
/* End PBXSourcesBuildPhase section */

/* Begin PBXVariantGroup section */
		1E12938429B796D1005E9307 /* Main.storyboard */ = {
			isa = PBXVariantGroup;
			children = (
				1E12938529B796D1005E9307 /* Base */,
			);
			name = Main.storyboard;
			sourceTree = "<group>";
		};
		1E12938929B796D3005E9307 /* LaunchScreen.storyboard */ = {
			isa = PBXVariantGroup;
			children = (
				1E12938A29B796D3005E9307 /* Base */,
			);
			name = LaunchScreen.storyboard;
			sourceTree = "<group>";
		};
/* End PBXVariantGroup section */

/* Begin XCBuildConfiguration section */
		1E12938D29B796D3005E9307 /* Debug */ = {
			isa = XCBuildConfiguration;
			buildSettings = {
				ALWAYS_SEARCH_USER_PATHS = NO;
				CLANG_ANALYZER_NONNULL = YES;
				CLANG_ANALYZER_NUMBER_OBJECT_CONVERSION = YES_AGGRESSIVE;
				CLANG_CXX_LANGUAGE_STANDARD = "gnu++20";
				CLANG_ENABLE_MODULES = YES;
				CLANG_ENABLE_OBJC_ARC = YES;
				CLANG_ENABLE_OBJC_WEAK = YES;
				CLANG_WARN_BLOCK_CAPTURE_AUTORELEASING = YES;
				CLANG_WARN_BOOL_CONVERSION = YES;
				CLANG_WARN_COMMA = YES;
				CLANG_WARN_CONSTANT_CONVERSION = YES;
				CLANG_WARN_DEPRECATED_OBJC_IMPLEMENTATIONS = YES;
				CLANG_WARN_DIRECT_OBJC_ISA_USAGE = YES_ERROR;
				CLANG_WARN_DOCUMENTATION_COMMENTS = YES;
				CLANG_WARN_EMPTY_BODY = YES;
				CLANG_WARN_ENUM_CONVERSION = YES;
				CLANG_WARN_INFINITE_RECURSION = YES;
				CLANG_WARN_INT_CONVERSION = YES;
				CLANG_WARN_NON_LITERAL_NULL_CONVERSION = YES;
				CLANG_WARN_OBJC_IMPLICIT_RETAIN_SELF = YES;
				CLANG_WARN_OBJC_LITERAL_CONVERSION = YES;
				CLANG_WARN_OBJC_ROOT_CLASS = YES_ERROR;
				CLANG_WARN_QUOTED_INCLUDE_IN_FRAMEWORK_HEADER = YES;
				CLANG_WARN_RANGE_LOOP_ANALYSIS = YES;
				CLANG_WARN_STRICT_PROTOTYPES = YES;
				CLANG_WARN_SUSPICIOUS_MOVE = YES;
				CLANG_WARN_UNGUARDED_AVAILABILITY = YES_AGGRESSIVE;
				CLANG_WARN_UNREACHABLE_CODE = YES;
				CLANG_WARN__DUPLICATE_METHOD_MATCH = YES;
				COPY_PHASE_STRIP = NO;
				DEBUG_INFORMATION_FORMAT = dwarf;
				ENABLE_STRICT_OBJC_MSGSEND = YES;
				ENABLE_TESTABILITY = YES;
				GCC_C_LANGUAGE_STANDARD = gnu11;
				GCC_DYNAMIC_NO_PIC = NO;
				GCC_NO_COMMON_BLOCKS = YES;
				GCC_OPTIMIZATION_LEVEL = 0;
				GCC_PREPROCESSOR_DEFINITIONS = (
					"DEBUG=1",
					"$(inherited)",
				);
				GCC_WARN_64_TO_32_BIT_CONVERSION = YES;
				GCC_WARN_ABOUT_RETURN_TYPE = YES_ERROR;
				GCC_WARN_UNDECLARED_SELECTOR = YES;
				GCC_WARN_UNINITIALIZED_AUTOS = YES_AGGRESSIVE;
				GCC_WARN_UNUSED_FUNCTION = YES;
				GCC_WARN_UNUSED_VARIABLE = YES;
				IPHONEOS_DEPLOYMENT_TARGET = 16.2;
				MTL_ENABLE_DEBUG_INFO = INCLUDE_SOURCE;
				MTL_FAST_MATH = YES;
				ONLY_ACTIVE_ARCH = YES;
				SDKROOT = iphoneos;
				SWIFT_ACTIVE_COMPILATION_CONDITIONS = DEBUG;
				SWIFT_OPTIMIZATION_LEVEL = "-Onone";
			};
			name = Debug;
		};
		1E12938E29B796D3005E9307 /* Release */ = {
			isa = XCBuildConfiguration;
			buildSettings = {
				ALWAYS_SEARCH_USER_PATHS = NO;
				CLANG_ANALYZER_NONNULL = YES;
				CLANG_ANALYZER_NUMBER_OBJECT_CONVERSION = YES_AGGRESSIVE;
				CLANG_CXX_LANGUAGE_STANDARD = "gnu++20";
				CLANG_ENABLE_MODULES = YES;
				CLANG_ENABLE_OBJC_ARC = YES;
				CLANG_ENABLE_OBJC_WEAK = YES;
				CLANG_WARN_BLOCK_CAPTURE_AUTORELEASING = YES;
				CLANG_WARN_BOOL_CONVERSION = YES;
				CLANG_WARN_COMMA = YES;
				CLANG_WARN_CONSTANT_CONVERSION = YES;
				CLANG_WARN_DEPRECATED_OBJC_IMPLEMENTATIONS = YES;
				CLANG_WARN_DIRECT_OBJC_ISA_USAGE = YES_ERROR;
				CLANG_WARN_DOCUMENTATION_COMMENTS = YES;
				CLANG_WARN_EMPTY_BODY = YES;
				CLANG_WARN_ENUM_CONVERSION = YES;
				CLANG_WARN_INFINITE_RECURSION = YES;
				CLANG_WARN_INT_CONVERSION = YES;
				CLANG_WARN_NON_LITERAL_NULL_CONVERSION = YES;
				CLANG_WARN_OBJC_IMPLICIT_RETAIN_SELF = YES;
				CLANG_WARN_OBJC_LITERAL_CONVERSION = YES;
				CLANG_WARN_OBJC_ROOT_CLASS = YES_ERROR;
				CLANG_WARN_QUOTED_INCLUDE_IN_FRAMEWORK_HEADER = YES;
				CLANG_WARN_RANGE_LOOP_ANALYSIS = YES;
				CLANG_WARN_STRICT_PROTOTYPES = YES;
				CLANG_WARN_SUSPICIOUS_MOVE = YES;
				CLANG_WARN_UNGUARDED_AVAILABILITY = YES_AGGRESSIVE;
				CLANG_WARN_UNREACHABLE_CODE = YES;
				CLANG_WARN__DUPLICATE_METHOD_MATCH = YES;
				COPY_PHASE_STRIP = NO;
				DEBUG_INFORMATION_FORMAT = "dwarf-with-dsym";
				ENABLE_NS_ASSERTIONS = NO;
				ENABLE_STRICT_OBJC_MSGSEND = YES;
				GCC_C_LANGUAGE_STANDARD = gnu11;
				GCC_NO_COMMON_BLOCKS = YES;
				GCC_WARN_64_TO_32_BIT_CONVERSION = YES;
				GCC_WARN_ABOUT_RETURN_TYPE = YES_ERROR;
				GCC_WARN_UNDECLARED_SELECTOR = YES;
				GCC_WARN_UNINITIALIZED_AUTOS = YES_AGGRESSIVE;
				GCC_WARN_UNUSED_FUNCTION = YES;
				GCC_WARN_UNUSED_VARIABLE = YES;
				IPHONEOS_DEPLOYMENT_TARGET = 16.2;
				MTL_ENABLE_DEBUG_INFO = NO;
				MTL_FAST_MATH = YES;
				SDKROOT = iphoneos;
				SWIFT_COMPILATION_MODE = wholemodule;
				SWIFT_OPTIMIZATION_LEVEL = "-O";
				VALIDATE_PRODUCT = YES;
			};
			name = Release;
		};
		1E12939029B796D3005E9307 /* Debug */ = {
			isa = XCBuildConfiguration;
			buildSettings = {
				ASSETCATALOG_COMPILER_APPICON_NAME = AppIcon;
				ASSETCATALOG_COMPILER_GLOBAL_ACCENT_COLOR_NAME = AccentColor;
				CODE_SIGN_STYLE = Automatic;
				CURRENT_PROJECT_VERSION = 1;
				DEVELOPMENT_TEAM = AFMSUTLF6S;
				GENERATE_INFOPLIST_FILE = YES;
				INFOPLIST_FILE = SocialMediaFeed_Project/Info.plist;
				INFOPLIST_KEY_CFBundleDisplayName = SocialMediaFeed;
				INFOPLIST_KEY_UIApplicationSupportsIndirectInputEvents = YES;
				INFOPLIST_KEY_UILaunchStoryboardName = LaunchScreen;
				INFOPLIST_KEY_UIMainStoryboardFile = Main;
				INFOPLIST_KEY_UISupportedInterfaceOrientations_iPad = "UIInterfaceOrientationPortrait UIInterfaceOrientationPortraitUpsideDown UIInterfaceOrientationLandscapeLeft UIInterfaceOrientationLandscapeRight";
				INFOPLIST_KEY_UISupportedInterfaceOrientations_iPhone = "UIInterfaceOrientationPortrait UIInterfaceOrientationLandscapeLeft UIInterfaceOrientationLandscapeRight";
				IPHONEOS_DEPLOYMENT_TARGET = 11.0;
				LD_RUNPATH_SEARCH_PATHS = (
					"$(inherited)",
					"@executable_path/Frameworks",
				);
				MARKETING_VERSION = 1.0;
				PRODUCT_BUNDLE_IDENTIFIER = "com.SocialMediaFeed-Project";
				PRODUCT_NAME = "$(TARGET_NAME)";
				SWIFT_EMIT_LOC_STRINGS = YES;
				SWIFT_VERSION = 5.0;
				TARGETED_DEVICE_FAMILY = "1,2";
			};
			name = Debug;
		};
		1E12939129B796D3005E9307 /* Release */ = {
			isa = XCBuildConfiguration;
			buildSettings = {
				ASSETCATALOG_COMPILER_APPICON_NAME = AppIcon;
				ASSETCATALOG_COMPILER_GLOBAL_ACCENT_COLOR_NAME = AccentColor;
				CODE_SIGN_STYLE = Automatic;
				CURRENT_PROJECT_VERSION = 1;
				DEVELOPMENT_TEAM = AFMSUTLF6S;
				GENERATE_INFOPLIST_FILE = YES;
				INFOPLIST_FILE = SocialMediaFeed_Project/Info.plist;
				INFOPLIST_KEY_CFBundleDisplayName = SocialMediaFeed;
				INFOPLIST_KEY_UIApplicationSupportsIndirectInputEvents = YES;
				INFOPLIST_KEY_UILaunchStoryboardName = LaunchScreen;
				INFOPLIST_KEY_UIMainStoryboardFile = Main;
				INFOPLIST_KEY_UISupportedInterfaceOrientations_iPad = "UIInterfaceOrientationPortrait UIInterfaceOrientationPortraitUpsideDown UIInterfaceOrientationLandscapeLeft UIInterfaceOrientationLandscapeRight";
				INFOPLIST_KEY_UISupportedInterfaceOrientations_iPhone = "UIInterfaceOrientationPortrait UIInterfaceOrientationLandscapeLeft UIInterfaceOrientationLandscapeRight";
				IPHONEOS_DEPLOYMENT_TARGET = 11.0;
				LD_RUNPATH_SEARCH_PATHS = (
					"$(inherited)",
					"@executable_path/Frameworks",
				);
				MARKETING_VERSION = 1.0;
				PRODUCT_BUNDLE_IDENTIFIER = "com.SocialMediaFeed-Project";
				PRODUCT_NAME = "$(TARGET_NAME)";
				SWIFT_EMIT_LOC_STRINGS = YES;
				SWIFT_VERSION = 5.0;
				TARGETED_DEVICE_FAMILY = "1,2";
			};
			name = Release;
		};
/* End XCBuildConfiguration section */

/* Begin XCConfigurationList section */
		1E12937629B796D1005E9307 /* Build configuration list for PBXProject "SocialMediaFeed_Project" */ = {
			isa = XCConfigurationList;
			buildConfigurations = (
				1E12938D29B796D3005E9307 /* Debug */,
				1E12938E29B796D3005E9307 /* Release */,
			);
			defaultConfigurationIsVisible = 0;
			defaultConfigurationName = Release;
		};
		1E12938F29B796D3005E9307 /* Build configuration list for PBXNativeTarget "SocialMediaFeed_Project" */ = {
			isa = XCConfigurationList;
			buildConfigurations = (
				1E12939029B796D3005E9307 /* Debug */,
				1E12939129B796D3005E9307 /* Release */,
			);
			defaultConfigurationIsVisible = 0;
			defaultConfigurationName = Release;
		};
/* End XCConfigurationList section */

/* Begin XCRemoteSwiftPackageReference section */
		1E06030529B9E04C007BDE6D /* XCRemoteSwiftPackageReference "RxSwift" */ = {
			isa = XCRemoteSwiftPackageReference;
			repositoryURL = "https://github.com/ReactiveX/RxSwift.git";
			requirement = {
				kind = exactVersion;
				version = 6.5.0;
			};
		};
		1EE298CD29B8C4F3000EC26C /* XCRemoteSwiftPackageReference "Alamofire" */ = {
			isa = XCRemoteSwiftPackageReference;
			repositoryURL = "https://github.com/Alamofire/Alamofire.git";
			requirement = {
				kind = exactVersion;
				version = 5.6.4;
			};
		};
		1EE298DD29B8F58D000EC26C /* XCRemoteSwiftPackageReference "SnapKit" */ = {
			isa = XCRemoteSwiftPackageReference;
			repositoryURL = "https://github.com/SnapKit/SnapKit.git";
			requirement = {
				kind = exactVersion;
				version = 5.6.0;
			};
		};
		1EE298E029B8F599000EC26C /* XCRemoteSwiftPackageReference "Then" */ = {
			isa = XCRemoteSwiftPackageReference;
			repositoryURL = "https://github.com/devxoul/Then.git";
			requirement = {
				kind = exactVersion;
				version = 3.0.0;
			};
		};
		1EE298E329B8F5A7000EC26C /* XCRemoteSwiftPackageReference "Kingfisher" */ = {
			isa = XCRemoteSwiftPackageReference;
			repositoryURL = "https://github.com/onevcat/Kingfisher.git";
			requirement = {
				kind = exactVersion;
				version = 7.6.2;
			};
		};
/* End XCRemoteSwiftPackageReference section */

/* Begin XCSwiftPackageProductDependency section */
		1E06030629B9E04C007BDE6D /* RxCocoa */ = {
			isa = XCSwiftPackageProductDependency;
			package = 1E06030529B9E04C007BDE6D /* XCRemoteSwiftPackageReference "RxSwift" */;
			productName = RxCocoa;
		};
		1E06030829B9E04C007BDE6D /* RxRelay */ = {
			isa = XCSwiftPackageProductDependency;
			package = 1E06030529B9E04C007BDE6D /* XCRemoteSwiftPackageReference "RxSwift" */;
			productName = RxRelay;
		};
		1E06030A29B9E04C007BDE6D /* RxSwift */ = {
			isa = XCSwiftPackageProductDependency;
			package = 1E06030529B9E04C007BDE6D /* XCRemoteSwiftPackageReference "RxSwift" */;
			productName = RxSwift;
		};
		1EE298CE29B8C4F3000EC26C /* Alamofire */ = {
			isa = XCSwiftPackageProductDependency;
			package = 1EE298CD29B8C4F3000EC26C /* XCRemoteSwiftPackageReference "Alamofire" */;
			productName = Alamofire;
		};
		1EE298DE29B8F58D000EC26C /* SnapKit */ = {
			isa = XCSwiftPackageProductDependency;
			package = 1EE298DD29B8F58D000EC26C /* XCRemoteSwiftPackageReference "SnapKit" */;
			productName = SnapKit;
		};
		1EE298E129B8F599000EC26C /* Then */ = {
			isa = XCSwiftPackageProductDependency;
			package = 1EE298E029B8F599000EC26C /* XCRemoteSwiftPackageReference "Then" */;
			productName = Then;
		};
/* End XCSwiftPackageProductDependency section */
	};
	rootObject = 1E12937329B796D1005E9307 /* Project object */;
}
